{
    "doctrine/event-manager": {
        "version": "v1.0.0"
    },
    "doctrine/persistence": {
        "version": "v1.0.0"
    },
    "doctrine/reflection": {
        "version": "v1.0.0"
    },
    "easycorp/easy-log-handler": {
        "version": "1.0",
        "recipe": {
            "repo": "github.com/symfony/recipes",
            "branch": "master",
            "version": "1.0",
            "ref": "70062abc2cd58794d2a90274502f81b55cd9951b"
        }
    },
    "facebook/webdriver": {
        "version": "1.6.0"
    },
    "friendsofsymfony/oauth-server-bundle": {
        "version": "1.6.2"
    },
    "friendsofsymfony/oauth2-php": {
        "version": "1.2.3"
    },
    "nikic/php-parser": {
        "version": "v4.0.0"
    },
    "novosga/attendance-bundle": {
        "version": "v2.0.0"
    },
    "novosga/core": {
        "version": "v2.0.0"
    },
    "novosga/monitor-bundle": {
        "version": "v2.0.0"
    },
    "novosga/reports-bundle": {
        "version": "v2.0.0"
    },
    "novosga/settings-bundle": {
        "version": "v2.0.0"
    },
    "novosga/triage-bundle": {
        "version": "v2.0.0"
    },
    "novosga/users-bundle": {
        "version": "v2.0.0"
    },
    "paragonie/random_compat": {
        "version": "v2.0.18"
    },
    "squizlabs/php_codesniffer": {
        "version": "3.2.3"
    },
    "symfony/asset": {
        "version": "v4.1.1"
    },
    "symfony/browser-kit": {
        "version": "v4.0.6"
    },
    "symfony/cache": {
        "version": "v4.1.1"
    },
    "symfony/config": {
        "version": "v4.1.1"
    },
    "symfony/console": {
        "version": "3.3",
        "recipe": {
            "repo": "github.com/symfony/recipes",
            "branch": "master",
            "version": "3.3",
            "ref": "e3868d2f4a5104f19f844fe551099a00c6562527"
        }
    },
    "symfony/contracts": {
        "version": "v1.0.2"
    },
    "symfony/css-selector": {
        "version": "v4.0.6"
    },
    "symfony/debug": {
        "version": "v4.1.1"
    },
    "symfony/debug-bundle": {
        "version": "3.3",
        "recipe": {
            "repo": "github.com/symfony/recipes",
            "branch": "master",
            "version": "3.3",
            "ref": "71d29aaf710fd59cd3abff2b1ade907ed73103c6"
        }
    },
    "symfony/debug-pack": {
        "version": "v1.0.4"
    },
    "symfony/dependency-injection": {
        "version": "v4.1.1"
    },
    "symfony/doctrine-bridge": {
        "version": "v4.1.1"
    },
    "symfony/dom-crawler": {
        "version": "v4.0.6"
    },
    "symfony/dotenv": {
        "version": "v4.0.6"
    },
    "symfony/event-dispatcher": {
        "version": "v4.1.1"
    },
    "symfony/expression-language": {
        "version": "v4.1.1"
    },
    "symfony/filesystem": {
        "version": "v4.1.1"
    },
    "symfony/finder": {
        "version": "v4.1.1"
    },
    "symfony/flex": {
        "version": "1.0",
        "recipe": {
            "repo": "github.com/symfony/recipes",
            "branch": "master",
            "version": "1.0",
            "ref": "e921bdbfe20cdefa3b82f379d1cd36df1bc8d115"
        }
    },
    "symfony/form": {
        "version": "v4.1.1"
    },
    "symfony/framework-bundle": {
        "version": "3.3",
        "recipe": {
            "repo": "github.com/symfony/recipes",
            "branch": "master",
            "version": "3.3",
            "ref": "87c585d24de9f43bca80ebcfd5cf5cb39445d95f"
        }
    },
    "symfony/http-foundation": {
        "version": "v4.1.1"
    },
    "symfony/http-kernel": {
        "version": "v4.1.1"
    },
    "symfony/inflector": {
        "version": "v4.1.1"
    },
    "symfony/intl": {
        "version": "v4.1.1"
    },
    "symfony/maker-bundle": {
        "version": "1.0",
        "recipe": {
            "repo": "github.com/symfony/recipes",
            "branch": "master",
            "version": "1.0",
            "ref": "fadbfe33303a76e25cb63401050439aa9b1a9c7f"
        }
    },
    "symfony/monolog-bridge": {
        "version": "v4.1.1"
    },
    "symfony/monolog-bundle": {
        "version": "3.1",
        "recipe": {
            "repo": "github.com/symfony/recipes",
            "branch": "master",
            "version": "3.1",
            "ref": "51b7a31438c8aeeda7931a0ece98a945c91e7f20"
        }
    },
    "symfony/options-resolver": {
        "version": "v4.1.1"
    },
    "symfony/orm-pack": {
        "version": "v1.0.5"
    },
    "symfony/panther": {
        "version": "v0.2.0"
    },
    "symfony/phpunit-bridge": {
        "version": "3.3",
        "recipe": {
            "repo": "github.com/symfony/recipes",
            "branch": "master",
            "version": "3.3",
            "ref": "179470cb6492db92dffee208cfdb436f175c93b4"
        }
    },
    "symfony/polyfill-ctype": {
        "version": "v1.8.0"
    },
    "symfony/polyfill-intl-icu": {
        "version": "v1.8.0"
    },
    "symfony/polyfill-intl-idn": {
        "version": "v1.10.0"
    },
    "symfony/polyfill-mbstring": {
        "version": "v1.8.0"
    },
    "symfony/polyfill-php72": {
        "version": "v1.7.0"
    },
    "symfony/process": {
        "version": "v4.1.1"
    },
    "symfony/profiler-pack": {
        "version": "v1.0.3"
    },
    "symfony/property-access": {
        "version": "v4.1.1"
    },
    "symfony/property-info": {
        "version": "v4.1.1"
    },
    "symfony/routing": {
        "version": "4.0",
        "recipe": {
            "repo": "github.com/symfony/recipes",
            "branch": "master",
            "version": "4.0",
            "ref": "cda8b550123383d25827705d05a42acf6819fe4e"
        }
    },
    "symfony/security-bundle": {
        "version": "3.3",
        "recipe": {
            "repo": "github.com/symfony/recipes",
            "branch": "master",
            "version": "3.3",
            "ref": "f8a63faa0d9521526499c0a8f403c9964ecb0527"
        }
    },
    "symfony/security-core": {
        "version": "v4.2.1"
    },
    "symfony/security-csrf": {
        "version": "v4.2.1"
    },
    "symfony/security-guard": {
        "version": "v4.2.1"
    },
    "symfony/security-http": {
        "version": "v4.2.1"
    },
    "symfony/serializer": {
        "version": "v4.1.1"
    },
    "symfony/serializer-pack": {
        "version": "v1.0.1"
    },
    "symfony/stopwatch": {
        "version": "v4.0.6"
    },
    "symfony/swiftmailer-bundle": {
        "version": "2.5",
        "recipe": {
            "repo": "github.com/symfony/recipes",
            "branch": "master",
            "version": "2.5",
            "ref": "3db029c03e452b4a23f7fc45cec7c922c2247eb8"
        }
    },
    "symfony/templating": {
        "version": "v4.1.1"
    },
    "symfony/test-pack": {
        "version": "v1.0.2"
    },
    "symfony/translation": {
        "version": "3.3",
        "recipe": {
            "repo": "github.com/symfony/recipes",
            "branch": "master",
            "version": "3.3",
            "ref": "1fb02a6e1c8f3d4232cce485c9afa868d63b115a"
        }
    },
    "symfony/twig-bridge": {
        "version": "v4.0.6"
    },
    "symfony/twig-bundle": {
        "version": "3.3",
        "recipe": {
            "repo": "github.com/symfony/recipes",
            "branch": "master",
            "version": "3.3",
            "ref": "f75ac166398e107796ca94cc57fa1edaa06ec47f"
        }
    },
    "symfony/validator": {
        "version": "v4.1.1"
    },
    "symfony/var-dumper": {
        "version": "v4.0.6"
    },
    "symfony/var-exporter": {
        "version": "v4.2.1"
    },
    "symfony/web-link": {
        "version": "v4.1.1"
    },
    "symfony/web-profiler-bundle": {
        "version": "3.3",
        "recipe": {
            "repo": "github.com/symfony/recipes",
            "branch": "master",
            "version": "3.3",
            "ref": "6bdfa1a95f6b2e677ab985cd1af2eae35d62e0f6"
        }
    },
    "symfony/web-server-bundle": {
        "version": "3.3",
        "recipe": {
            "repo": "github.com/symfony/recipes",
            "branch": "master",
            "version": "3.3",
            "ref": "dae9b39fd6717970be7601101ce5aa960bf53d9a"
        }
    },
    "symfony/yaml": {
        "version": "v4.1.1"
    },
    "twig/twig": {
        "version": "v2.4.7"
    }
}
